
Microsoft Visual Studio Solution File, Format Version 12.00
# Visual Studio 15
VisualStudioVersion = 15.0.27130.2010
MinimumVisualStudioVersion = 10.0.40219.1
Project("{FAE04EC0-301F-11D3-BF4B-00C04F79EFBC}") = "Demo.AutoMapper", "Demo.AutoMapper\Demo.AutoMapper.csproj", "{73AF4B7F-18B4-4378-81A1-7B43A54C477F}"
EndProject
Project("{FAE04EC0-301F-11D3-BF4B-00C04F79EFBC}") = "Demo.RabbitMQ", "Demo.RabbitMQ\Demo.RabbitMQ.csproj", "{398EB948-9E91-434A-A733-7554B63ADC04}"
EndProject
Global
	GlobalSection(SolutionConfigurationPlatforms) = preSolution
		Debug|Any CPU = Debug|Any CPU
		Release|Any CPU = Release|Any CPU
	EndGlobalSection
	GlobalSection(ProjectConfigurationPlatforms) = postSolution
		{73AF4B7F-18B4-4378-81A1-7B43A54C477F}.Debug|Any CPU.ActiveCfg = Debug|Any CPU
		{73AF4B7F-18B4-4378-81A1-7B43A54C477F}.Debug|Any CPU.Build.0 = Debug|Any CPU
		{73AF4B7F-18B4-4378-81A1-7B43A54C477F}.Release|Any CPU.ActiveCfg = Release|Any CPU
		{73AF4B7F-18B4-4378-81A1-7B43A54C477F}.Release|Any CPU.Build.0 = Release|Any CPU
		{398EB948-9E91-434A-A733-7554B63ADC04}.Debug|Any CPU.ActiveCfg = Debug|Any CPU
		{398EB948-9E91-434A-A733-7554B63ADC04}.Debug|Any CPU.Build.0 = Debug|Any CPU
		{398EB948-9E91-434A-A733-7554B63ADC04}.Release|Any CPU.ActiveCfg = Release|Any CPU
		{398EB948-9E91-434A-A733-7554B63ADC04}.Release|Any CPU.Build.0 = Release|Any CPU
	EndGlobalSection
	GlobalSection(SolutionProperties) = preSolution
		HideSolutionNode = FALSE
	EndGlobalSection
	GlobalSection(ExtensibilityGlobals) = postSolution
		SolutionGuid = {6073887C-5595-4065-8CB0-2CE6CB08475F}
	EndGlobalSection
EndGlobal
